{
  "lib/openzeppelin-contracts": {
    "tag": {
      "name": "v5.4.0",
      "rev": "c64a1edb67b6e3f4a15cca8909c9482ad33a02b0"
    }
  },
  "lib/devtools": {
    "rev": "5c0a0a14adbfe419e5ae185a01fdf4601407612d"
  },
  "lib\\forge-std": {
    "tag": {
      "name": "v1.10.0",
      "rev": "8bbcf6e3f8f62f419e5429a0bd89331c85c37824"
    }
  },
  "lib/LayerZero-v2": {
    "rev": "200cda254120375f40ed0a7e89931afb897b8891"
  }
}